PODS:
  - Alamofire (4.5.1)
  - AWSCore (2.9.2)
  - AWSS3 (2.9.2):
    - AWSCore (= 2.9.2)
  - Bolts (1.9.0):
    - Bolts/AppLinks (= 1.9.0)
    - Bolts/Tasks (= 1.9.0)
  - Bolts/AppLinks (1.9.0):
    - Bolts/Tasks
  - Bolts/Tasks (1.9.0)
  - CenteredCollectionView (2.0.0)
  - Cosmos (12.0.1)
  - Crashlytics (3.13.4):
    - Fabric (~> 1.10.2)
  - Fabric (1.10.2)
  - FacebookCore (0.5.0):
    - Bolts (~> 1.9)
    - FBSDKCoreKit (~> 4.37)
  - FacebookLogin (0.5.0):
    - Bolts (~> 1.9)
    - FacebookCore (~> 0.5)
    - FBSDKCoreKit (~> 4.37)
    - FBSDKLoginKit (~> 4.37)
  - FacebookShare (0.5.0):
    - Bolts (~> 1.9)
    - FacebookCore (~> 0.5)
    - FBSDKCoreKit (~> 4.37)
    - FBSDKShareKit (~> 4.37)
  - FBSDKCoreKit (4.37.0):
    - Bolts (~> 1.7)
  - FBSDKLoginKit (4.37.0):
    - FBSDKCoreKit
  - FBSDKShareKit (4.37.0):
    - FBSDKCoreKit (~> 4.37.0)
  - Firebase/Auth (4.3.0):
    - Firebase/Core
    - FirebaseAuth (= 4.2.1)
  - Firebase/Core (4.3.0):
    - FirebaseAnalytics (= 4.0.4)
    - FirebaseCore (= 4.0.8)
  - Firebase/Messaging (4.3.0):
    - Firebase/Core
    - FirebaseMessaging (= 2.0.4)
  - FirebaseAnalytics (4.0.4):
    - FirebaseCore (~> 4.0)
    - FirebaseInstanceID (~> 2.0)
    - "GoogleToolboxForMac/NSData+zlib (~> 2.1)"
    - nanopb (~> 0.3)
  - FirebaseAuth (4.2.1):
    - FirebaseAnalytics (~> 4.0)
    - "GoogleToolboxForMac/NSDictionary+URLArguments (~> 2.1)"
    - GTMSessionFetcher/Core (~> 1.1)
  - FirebaseCore (4.0.8):
    - "GoogleToolboxForMac/NSData+zlib (~> 2.1)"
    - nanopb (~> 0.3)
  - FirebaseInstanceID (2.0.4)
  - FirebaseMessaging (2.0.4):
    - FirebaseAnalytics (~> 4.0)
    - FirebaseCore (~> 4.0)
    - FirebaseInstanceID (~> 2.0)
    - GoogleToolboxForMac/Logger (~> 2.1)
    - Protobuf (~> 3.1)
  - Floaty (4.1.0)
  - GoogleMaps (2.4.0):
    - GoogleMaps/Maps (= 2.4.0)
  - GoogleMaps/Base (2.4.0)
  - GoogleMaps/Maps (2.4.0):
    - GoogleMaps/Base
  - GooglePlacePicker (2.4.0):
    - GoogleMaps (= 2.4.0)
    - GooglePlaces (= 2.4.0)
  - GooglePlaces (2.4.0):
    - GoogleMaps/Base (= 2.4.0)
  - GoogleSignIn (4.1.2):
    - "GoogleToolboxForMac/NSDictionary+URLArguments (~> 2.1)"
    - "GoogleToolboxForMac/NSString+URLArguments (~> 2.1)"
    - GTMOAuth2 (~> 1.0)
    - GTMSessionFetcher/Core (~> 1.1)
  - GoogleToolboxForMac/DebugUtils (2.1.3):
    - GoogleToolboxForMac/Defines (= 2.1.3)
  - GoogleToolboxForMac/Defines (2.1.3)
  - GoogleToolboxForMac/Logger (2.1.3):
    - GoogleToolboxForMac/Defines (= 2.1.3)
  - "GoogleToolboxForMac/NSData+zlib (2.1.3)":
    - GoogleToolboxForMac/Defines (= 2.1.3)
  - "GoogleToolboxForMac/NSDictionary+URLArguments (2.1.3)":
    - GoogleToolboxForMac/DebugUtils (= 2.1.3)
    - GoogleToolboxForMac/Defines (= 2.1.3)
    - "GoogleToolboxForMac/NSString+URLArguments (= 2.1.3)"
  - "GoogleToolboxForMac/NSString+URLArguments (2.1.3)"
  - GTMOAuth2 (1.1.6):
    - GTMSessionFetcher (~> 1.1)
  - GTMSessionFetcher (1.1.14):
    - GTMSessionFetcher/Full (= 1.1.14)
  - GTMSessionFetcher/Core (1.1.14)
  - GTMSessionFetcher/Full (1.1.14):
    - GTMSessionFetcher/Core (= 1.1.14)
  - IQKeyboardManagerSwift (5.0.4)
  - Localize-Swift (2.0.0)
  - nanopb (0.3.8):
    - nanopb/decode (= 0.3.8)
    - nanopb/encode (= 0.3.8)
  - nanopb/decode (0.3.8)
  - nanopb/encode (0.3.8)
  - NextGrowingTextView (1.2.2)
  - Nuke (5.2)
  - PDFReader (2.5.1)
  - Protobuf (3.4.0)
  - RZTransitions (1.2.1)
  - SDWebImage (4.4.2):
    - SDWebImage/Core (= 4.4.2)
  - SDWebImage/Core (4.4.2)
  - SimpleImageViewer (1.1.1)
  - Socket.IO-Client-Swift (13.0.1):
    - Starscream (~> 3.0.2)
  - Starscream (3.0.2)
  - Stripe (12.1.2)
  - SwiftSpinner (1.4.1)
  - SwiftyJSON (4.1.0)

DEPENDENCIES:
  - Alamofire (~> 4.5)
  - AWSCore
  - AWSS3
  - CenteredCollectionView
  - Cosmos (~> 12.0)
  - Crashlytics
  - Fabric
  - FacebookCore (from `https://github.com/facebook/facebook-sdk-swift`, branch `master`)
  - FacebookLogin (from `https://github.com/facebook/facebook-sdk-swift`, branch `master`)
  - FacebookShare (from `https://github.com/facebook/facebook-sdk-swift`, branch `master`)
  - Firebase/Auth
  - Firebase/Core
  - Firebase/Messaging
  - Floaty
  - GoogleMaps
  - GooglePlacePicker
  - GooglePlaces
  - GoogleSignIn
  - IQKeyboardManagerSwift
  - Localize-Swift
  - NextGrowingTextView
  - Nuke (~> 5.0)
  - PDFReader
  - RZTransitions
  - SDWebImage
  - SimpleImageViewer (~> 1.1.1)
  - Socket.IO-Client-Swift (~> 13.0.0)
  - Stripe
  - SwiftSpinner
  - SwiftyJSON

SPEC REPOS:
  trunk:
    - Alamofire
    - AWSCore
    - AWSS3
    - Bolts
    - CenteredCollectionView
    - Cosmos
    - Crashlytics
    - Fabric
    - FBSDKCoreKit
    - FBSDKLoginKit
    - FBSDKShareKit
    - Firebase
    - FirebaseAnalytics
    - FirebaseAuth
    - FirebaseCore
    - FirebaseInstanceID
    - FirebaseMessaging
    - Floaty
    - GoogleMaps
    - GooglePlacePicker
    - GooglePlaces
    - GoogleSignIn
    - GoogleToolboxForMac
    - GTMOAuth2
    - GTMSessionFetcher
    - IQKeyboardManagerSwift
    - Localize-Swift
    - nanopb
    - NextGrowingTextView
    - Nuke
    - PDFReader
    - Protobuf
    - RZTransitions
    - SDWebImage
    - SimpleImageViewer
    - Socket.IO-Client-Swift
    - Starscream
    - Stripe
    - SwiftSpinner
    - SwiftyJSON

EXTERNAL SOURCES:
  FacebookCore:
    :branch: master
    :git: https://github.com/facebook/facebook-sdk-swift
  FacebookLogin:
    :branch: master
    :git: https://github.com/facebook/facebook-sdk-swift
  FacebookShare:
    :branch: master
    :git: https://github.com/facebook/facebook-sdk-swift

CHECKOUT OPTIONS:
  FacebookCore:
    :commit: 2d689200b70f7b87b4e73a84deb2c878cbaa69a0
    :git: https://github.com/facebook/facebook-sdk-swift
  FacebookLogin:
    :commit: 2d689200b70f7b87b4e73a84deb2c878cbaa69a0
    :git: https://github.com/facebook/facebook-sdk-swift
  FacebookShare:
    :commit: 2d689200b70f7b87b4e73a84deb2c878cbaa69a0
    :git: https://github.com/facebook/facebook-sdk-swift

SPEC CHECKSUMS:
  Alamofire: 2d95912bf4c34f164fdfc335872e8c312acaea4a
  AWSCore: b1675e12bd3f2b313dc96c5b6a336e23380e51a2
  AWSS3: 3cf2f6c7988d45d39fc594a6fafa59433d0030cb
  Bolts: ac6567323eac61e203f6a9763667d0f711be34c8
  CenteredCollectionView: 6548b515645aea6ea89618f4b5ca090191dc8628
  Cosmos: 4a9f57998a08788a1062c7b8eefbc62d2b590f39
  Crashlytics: 2dfd686bcb918dc10ee0e76f7f853fe42c7bd552
  Fabric: 706c8b8098fff96c33c0db69cbf81f9c551d0d74
  FacebookCore: 50180543ea086d326d064ad0afcb435c0067c0d4
  FacebookLogin: e8a3688548c56eaa58cf1e205e761f9c90bb7a95
  FacebookShare: eb813be4e1a65014ae4a6478ca5258aee5fbb04a
  FBSDKCoreKit: fe5f3474499a81963e11e3f3a5c753d0a95ca2b4
  FBSDKLoginKit: 2f7249686d1e30ce8a5ef5400eedf50b3e3df332
  FBSDKShareKit: 52e0083222c38e930eb6878007478326599195c3
  Firebase: 83283761a1ef6dc9846e03d08059f51421afbd65
  FirebaseAnalytics: 722b53c7b32bfc7806b06e0093a2f5180d4f2c5a
  FirebaseAuth: d7f047fbeab98062b98ea933b8d934e0fb1190e2
  FirebaseCore: 69b1a5ac5f857ba6d5fd9d5fe794f4786dd5e579
  FirebaseInstanceID: 70c2b877e9338971b2429ea5a4293df6961aa44e
  FirebaseMessaging: 3dd86bfda2acb680b05c97f3f8ac566e9bb87b2a
  Floaty: 1a4e213f3512cf3045ef9cb0c1ff456226d1f66a
  GoogleMaps: 8436ab5d1c25e36915b2f7416d0c8e3fa2e76c61
  GooglePlacePicker: 2d2b2588512f3a4892ce32d11f373daed2926621
  GooglePlaces: aafe5990fa7951e98e078761bbdaaf236d7e0c65
  GoogleSignIn: d9ef55b10f0aa401a5de2747f59b725e4b9732ac
  GoogleToolboxForMac: 2501e2ad72a52eb3dfe7bd9aee7dad11b858bd20
  GTMOAuth2: e8b6512c896235149df975c41d9a36c868ab7fba
  GTMSessionFetcher: 390ea358e5a0d0133153806f744662dad933d06b
  IQKeyboardManagerSwift: a0592bb636b10a9a1cf75d2b2c61144226226c84
  Localize-Swift: c798ec9286494866f7068f85f7c71283ac5bdab4
  nanopb: 5601e6bca2dbf1ed831b519092ec110f66982ca3
  NextGrowingTextView: 78c8b96f7ac6dc845f5babb27dcf7c18dd3210ec
  Nuke: 5f420c4637415f979c83afb35e73176dd03232d9
  PDFReader: 2c4a845d0560f33221cf911516e3b700967680f6
  Protobuf: 03eef2ee0b674770735cf79d9c4d3659cf6908e8
  RZTransitions: 0e0013fda6989ee84dc5e44dca79fd539e1a975a
  SDWebImage: 624d6e296c69b244bcede364c72ae0430ac14681
  SimpleImageViewer: 34c3a2cde2d9ac022146772cefc27fca14b0c8b1
  Socket.IO-Client-Swift: 7055c89b7a9926b343194c4cac75998329c4a95a
  Starscream: b512c62f6706421221b5ceb2ba01a9f58aca5bea
  Stripe: 3230cdf8a8b0c04902e45e86f222fb82a926239c
  SwiftSpinner: bf7c13332ad008952a09358cadf24a186510ae31
  SwiftyJSON: c29297daf073d2aa016295d5809cdd68045c39b3

PODFILE CHECKSUM: 5ebe88abbfb3caea64f1d011b73b4f87c87af6e4

COCOAPODS: 1.8.4
